
Microsoft Visual Studio Solution File, Format Version 12.00
# Visual Studio Version 17
VisualStudioVersion = 17.9.34728.123
MinimumVisualStudioVersion = 10.0.40219.1
Project("{C9674DCB-5085-4A16-B785-4C70DD1589BD}") = "ORACLE_FEEDS", "ORACLE_FEEDS.dtproj", "{015D9100-0B35-4024-AAAE-8E5792F360A8}"
EndProject
Project("{2150E333-8FDC-42A3-9474-1A3956D46DE8}") = "Solution Items", "Solution Items", "{7DD90CB9-CF7A-4B1C-B0B4-77BD5414B481}"
EndProject
Global
	GlobalSection(SolutionConfigurationPlatforms) = preSolution
		Development|Default = Development|Default
	EndGlobalSection
	GlobalSection(ProjectConfigurationPlatforms) = postSolution
		{015D9100-0B35-4024-AAAE-8E5792F360A8}.Development|Default.ActiveCfg = Development
		{015D9100-0B35-4024-AAAE-8E5792F360A8}.Development|Default.Build.0 = Development
	EndGlobalSection
	GlobalSection(SolutionProperties) = preSolution
		HideSolutionNode = FALSE
	EndGlobalSection
	GlobalSection(ExtensibilityGlobals) = postSolution
		SolutionGuid = {7063F5CE-672F-495B-9913-2766180FE886}
	EndGlobalSection
EndGlobal
