
Microsoft Visual Studio Solution File, Format Version 12.00
# Visual Studio Version 16
VisualStudioVersion = 16.0.32802.440
MinimumVisualStudioVersion = 10.0.40219.1
Project("{C9674DCB-5085-4A16-B785-4C70DD1589BD}") = "ETL_SSIS_BulkReelUsage", "ETL_SSIS_BulkReelUsage.dtproj", "{A830117C-0D44-4E0F-B8D2-E900CAD40E97}"
EndProject
Global
	GlobalSection(SolutionConfigurationPlatforms) = preSolution
		Development|Default = Development|Default
	EndGlobalSection
	GlobalSection(ProjectConfigurationPlatforms) = postSolution
		{A830117C-0D44-4E0F-B8D2-E900CAD40E97}.Development|Default.ActiveCfg = Development
		{A830117C-0D44-4E0F-B8D2-E900CAD40E97}.Development|Default.Build.0 = Development
	EndGlobalSection
	GlobalSection(SolutionProperties) = preSolution
		HideSolutionNode = FALSE
	EndGlobalSection
	GlobalSection(ExtensibilityGlobals) = postSolution
		SolutionGuid = {AB2F3A9A-2816-408D-97D1-D740D015D90F}
	EndGlobalSection
EndGlobal
