
Microsoft Visual Studio Solution File, Format Version 12.00
# Visual Studio Version 16
VisualStudioVersion = 16.0.30804.86
MinimumVisualStudioVersion = 10.0.40219.1
Project("{159641D6-6404-4A2A-AE62-294DE0FE8301}") = "ETL_SSIS_SupplyChain", "ETL_SSIS_SupplyChain.dtproj", "{277D016A-7328-4FAA-964C-B9A66E34207B}"
EndProject
Global
	GlobalSection(SolutionConfigurationPlatforms) = preSolution
		Development|Default = Development|Default
	EndGlobalSection
	GlobalSection(ProjectConfigurationPlatforms) = postSolution
		{277D016A-7328-4FAA-964C-B9A66E34207B}.Development|Default.ActiveCfg = Development
		{277D016A-7328-4FAA-964C-B9A66E34207B}.Development|Default.Build.0 = Development
	EndGlobalSection
	GlobalSection(SolutionProperties) = preSolution
		HideSolutionNode = FALSE
	EndGlobalSection
	GlobalSection(ExtensibilityGlobals) = postSolution
		SolutionGuid = {37DDAF48-092C-4980-87A7-2A97AC6B00DB}
	EndGlobalSection
EndGlobal
