
Microsoft Visual Studio Solution File, Format Version 12.00
# Visual Studio Version 16
VisualStudioVersion = 16.0.32802.440
MinimumVisualStudioVersion = 10.0.40219.1
Project("{159641D6-6404-4A2A-AE62-294DE0FE8301}") = "SSIS_FixAnalystNotes", "SSIS_FixAnalystNotes.dtproj", "{DD403DAF-017B-443E-8B2B-6EBEF968F74B}"
EndProject
Global
	GlobalSection(SolutionConfigurationPlatforms) = preSolution
		Development|Default = Development|Default
	EndGlobalSection
	GlobalSection(ProjectConfigurationPlatforms) = postSolution
		{DD403DAF-017B-443E-8B2B-6EBEF968F74B}.Development|Default.ActiveCfg = Development
		{DD403DAF-017B-443E-8B2B-6EBEF968F74B}.Development|Default.Build.0 = Development
	EndGlobalSection
	GlobalSection(SolutionProperties) = preSolution
		HideSolutionNode = FALSE
	EndGlobalSection
	GlobalSection(ExtensibilityGlobals) = postSolution
		SolutionGuid = {D7A8D176-10EB-4759-8C69-6801DFC08981}
	EndGlobalSection
EndGlobal
