
Microsoft Visual Studio Solution File, Format Version 12.00
# Visual Studio Version 16
VisualStudioVersion = 16.0.32802.440
MinimumVisualStudioVersion = 10.0.40219.1
Project("{00D1A9C2-B5F0-4AF3-8072-F6C62B433612}") = "db_tsql_02", "db_tsql_02.sqlproj", "{07548DE1-D527-4E16-AE7C-8C78FEE84EEB}"
EndProject
Global
	GlobalSection(SolutionConfigurationPlatforms) = preSolution
		Debug|Any CPU = Debug|Any CPU
		Release|Any CPU = Release|Any CPU
	EndGlobalSection
	GlobalSection(ProjectConfigurationPlatforms) = postSolution
		{07548DE1-D527-4E16-AE7C-8C78FEE84EEB}.Debug|Any CPU.ActiveCfg = Debug|Any CPU
		{07548DE1-D527-4E16-AE7C-8C78FEE84EEB}.Debug|Any CPU.Build.0 = Debug|Any CPU
		{07548DE1-D527-4E16-AE7C-8C78FEE84EEB}.Debug|Any CPU.Deploy.0 = Debug|Any CPU
		{07548DE1-D527-4E16-AE7C-8C78FEE84EEB}.Release|Any CPU.ActiveCfg = Release|Any CPU
		{07548DE1-D527-4E16-AE7C-8C78FEE84EEB}.Release|Any CPU.Build.0 = Release|Any CPU
		{07548DE1-D527-4E16-AE7C-8C78FEE84EEB}.Release|Any CPU.Deploy.0 = Release|Any CPU
	EndGlobalSection
	GlobalSection(SolutionProperties) = preSolution
		HideSolutionNode = FALSE
	EndGlobalSection
	GlobalSection(ExtensibilityGlobals) = postSolution
		SolutionGuid = {51475B45-A162-4553-8339-BD6A238FBEFB}
	EndGlobalSection
EndGlobal
