
Microsoft Visual Studio Solution File, Format Version 12.00
# Visual Studio Version 16
VisualStudioVersion = 16.0.34601.136
MinimumVisualStudioVersion = 10.0.40219.1
Project("{C9674DCB-5085-4A16-B785-4C70DD1589BD}") = "SSIS_BoilerPlate_Oracle_Teradata_TSQL", "SSIS_BoilerPlate_Oracle_Teradata_TSQL.dtproj", "{16286F2B-2D97-467D-AA52-D566C2C1BA24}"
EndProject
Global
	GlobalSection(SolutionConfigurationPlatforms) = preSolution
		Development|Default = Development|Default
	EndGlobalSection
	GlobalSection(ProjectConfigurationPlatforms) = postSolution
		{16286F2B-2D97-467D-AA52-D566C2C1BA24}.Development|Default.ActiveCfg = Development
		{16286F2B-2D97-467D-AA52-D566C2C1BA24}.Development|Default.Build.0 = Development
	EndGlobalSection
	GlobalSection(SolutionProperties) = preSolution
		HideSolutionNode = FALSE
	EndGlobalSection
	GlobalSection(ExtensibilityGlobals) = postSolution
		SolutionGuid = {D78DADE8-B72E-4948-BA70-AB2F7476AC7A}
	EndGlobalSection
EndGlobal
