
Microsoft Visual Studio Solution File, Format Version 12.00
# Visual Studio Version 16
VisualStudioVersion = 16.0.32802.440
MinimumVisualStudioVersion = 10.0.40219.1
Project("{159641D6-6404-4A2A-AE62-294DE0FE8301}") = "SSIS_NetOpsInvoice_InvoiceStatus", "SSIS_NetOpsInvoice_InvoiceStatus.dtproj", "{C787FC1E-2299-491D-A2FA-75A6F28E59B8}"
EndProject
Global
	GlobalSection(SolutionConfigurationPlatforms) = preSolution
		Development|Default = Development|Default
	EndGlobalSection
	GlobalSection(ProjectConfigurationPlatforms) = postSolution
		{C787FC1E-2299-491D-A2FA-75A6F28E59B8}.Development|Default.ActiveCfg = Development
		{C787FC1E-2299-491D-A2FA-75A6F28E59B8}.Development|Default.Build.0 = Development
	EndGlobalSection
	GlobalSection(SolutionProperties) = preSolution
		HideSolutionNode = FALSE
	EndGlobalSection
	GlobalSection(ExtensibilityGlobals) = postSolution
		SolutionGuid = {0DFA358B-187A-489E-8C1E-29BA124AC8DF}
	EndGlobalSection
EndGlobal
