
Microsoft Visual Studio Solution File, Format Version 12.00
# Visual Studio Version 17
VisualStudioVersion = 17.9.34728.123
MinimumVisualStudioVersion = 10.0.40219.1
Project("{00D1A9C2-B5F0-4AF3-8072-F6C62B433612}") = "PBI", "PBI.sqlproj", "{23466DF2-C50D-4A02-8EC3-BEB6A51AEF7C}"
EndProject
Project("{00D1A9C2-B5F0-4AF3-8072-F6C62B433612}") = "PBI_MSDB", "PBI_MSDB\PBI_MSDB.sqlproj", "{1EBE989A-3E16-4A52-94C6-0A7450BD7540}"
EndProject
Project("{00D1A9C2-B5F0-4AF3-8072-F6C62B433612}") = "PBI_Master", "PBI_Master\PBI_Master.sqlproj", "{5ACC4B69-4587-4651-954B-A7F0F8E9F94C}"
EndProject
Project("{00D1A9C2-B5F0-4AF3-8072-F6C62B433612}") = "PBI_Model", "PBI_Model\PBI_Model.sqlproj", "{C000502F-5AFA-4888-A389-B13507246D17}"
EndProject
Global
	GlobalSection(SolutionConfigurationPlatforms) = preSolution
		Debug|Any CPU = Debug|Any CPU
		Release|Any CPU = Release|Any CPU
	EndGlobalSection
	GlobalSection(ProjectConfigurationPlatforms) = postSolution
		{23466DF2-C50D-4A02-8EC3-BEB6A51AEF7C}.Debug|Any CPU.ActiveCfg = Debug|Any CPU
		{23466DF2-C50D-4A02-8EC3-BEB6A51AEF7C}.Debug|Any CPU.Build.0 = Debug|Any CPU
		{23466DF2-C50D-4A02-8EC3-BEB6A51AEF7C}.Debug|Any CPU.Deploy.0 = Debug|Any CPU
		{23466DF2-C50D-4A02-8EC3-BEB6A51AEF7C}.Release|Any CPU.ActiveCfg = Release|Any CPU
		{23466DF2-C50D-4A02-8EC3-BEB6A51AEF7C}.Release|Any CPU.Build.0 = Release|Any CPU
		{23466DF2-C50D-4A02-8EC3-BEB6A51AEF7C}.Release|Any CPU.Deploy.0 = Release|Any CPU
		{1EBE989A-3E16-4A52-94C6-0A7450BD7540}.Debug|Any CPU.ActiveCfg = Debug|Any CPU
		{1EBE989A-3E16-4A52-94C6-0A7450BD7540}.Debug|Any CPU.Build.0 = Debug|Any CPU
		{1EBE989A-3E16-4A52-94C6-0A7450BD7540}.Debug|Any CPU.Deploy.0 = Debug|Any CPU
		{1EBE989A-3E16-4A52-94C6-0A7450BD7540}.Release|Any CPU.ActiveCfg = Release|Any CPU
		{1EBE989A-3E16-4A52-94C6-0A7450BD7540}.Release|Any CPU.Build.0 = Release|Any CPU
		{1EBE989A-3E16-4A52-94C6-0A7450BD7540}.Release|Any CPU.Deploy.0 = Release|Any CPU
		{5ACC4B69-4587-4651-954B-A7F0F8E9F94C}.Debug|Any CPU.ActiveCfg = Debug|Any CPU
		{5ACC4B69-4587-4651-954B-A7F0F8E9F94C}.Debug|Any CPU.Build.0 = Debug|Any CPU
		{5ACC4B69-4587-4651-954B-A7F0F8E9F94C}.Debug|Any CPU.Deploy.0 = Debug|Any CPU
		{5ACC4B69-4587-4651-954B-A7F0F8E9F94C}.Release|Any CPU.ActiveCfg = Release|Any CPU
		{5ACC4B69-4587-4651-954B-A7F0F8E9F94C}.Release|Any CPU.Build.0 = Release|Any CPU
		{5ACC4B69-4587-4651-954B-A7F0F8E9F94C}.Release|Any CPU.Deploy.0 = Release|Any CPU
		{C000502F-5AFA-4888-A389-B13507246D17}.Debug|Any CPU.ActiveCfg = Debug|Any CPU
		{C000502F-5AFA-4888-A389-B13507246D17}.Debug|Any CPU.Build.0 = Debug|Any CPU
		{C000502F-5AFA-4888-A389-B13507246D17}.Debug|Any CPU.Deploy.0 = Debug|Any CPU
		{C000502F-5AFA-4888-A389-B13507246D17}.Release|Any CPU.ActiveCfg = Release|Any CPU
		{C000502F-5AFA-4888-A389-B13507246D17}.Release|Any CPU.Build.0 = Release|Any CPU
		{C000502F-5AFA-4888-A389-B13507246D17}.Release|Any CPU.Deploy.0 = Release|Any CPU
	EndGlobalSection
	GlobalSection(SolutionProperties) = preSolution
		HideSolutionNode = FALSE
	EndGlobalSection
	GlobalSection(ExtensibilityGlobals) = postSolution
		SolutionGuid = {4CD2203F-75E3-42AD-B30A-20DC17932C6F}
	EndGlobalSection
EndGlobal
