
Microsoft Visual Studio Solution File, Format Version 12.00
# Visual Studio Version 16
VisualStudioVersion = 16.0.32802.440
MinimumVisualStudioVersion = 10.0.40219.1
Project("{159641D6-6404-4A2A-AE62-294DE0FE8301}") = "SSIS_CapitalForecast_RetroFix", "SSIS_CapitalForecast_RetroFix.dtproj", "{C72ADF1C-7421-4AEF-A54F-7A5703E24683}"
EndProject
Global
	GlobalSection(SolutionConfigurationPlatforms) = preSolution
		Development|Default = Development|Default
	EndGlobalSection
	GlobalSection(ProjectConfigurationPlatforms) = postSolution
		{C72ADF1C-7421-4AEF-A54F-7A5703E24683}.Development|Default.ActiveCfg = Development
		{C72ADF1C-7421-4AEF-A54F-7A5703E24683}.Development|Default.Build.0 = Development
	EndGlobalSection
	GlobalSection(SolutionProperties) = preSolution
		HideSolutionNode = FALSE
	EndGlobalSection
	GlobalSection(ExtensibilityGlobals) = postSolution
		SolutionGuid = {7DF002BE-1F1A-4431-849F-B8D9CF2F4B19}
	EndGlobalSection
EndGlobal
